// !$*UTF8*$!
{
	archiveVersion = 1;
	classes = {
	};
	objectVersion = 46;
	objects = {

/* Begin PBXBuildFile section */
		70952D131D535ED200F96C9E /* SystemConfiguration.framework in Frameworks */ = {isa = PBXBuildFile; fileRef = 70952D121D535ED200F96C9E /* SystemConfiguration.framework */; };
		70952D151D535ED800F96C9E /* UIKit.framework in Frameworks */ = {isa = PBXBuildFile; fileRef = 70952D141D535ED800F96C9E /* UIKit.framework */; };
		70952D171D535EE600F96C9E /* libsqlite3.0.tbd in Frameworks */ = {isa = PBXBuildFile; fileRef = 70952D161D535EE600F96C9E /* libsqlite3.0.tbd */; };
		70952D191D535EEC00F96C9E /* CoreLocation.framework in Frameworks */ = {isa = PBXBuildFile; fileRef = 70952D181D535EEC00F96C9E /* CoreLocation.framework */; };
		70952D1E1D535F2B00F96C9E /* ACLocation.m in Sources */ = {isa = PBXBuildFile; fileRef = 70952D1D1D535F2B00F96C9E /* ACLocation.m */; };
		70952D201D53666C00F96C9E /* BmobSDK.framework in Frameworks */ = {isa = PBXBuildFile; fileRef = 70952D1F1D53666C00F96C9E /* BmobSDK.framework */; };
		70952D221D53668100F96C9E /* Security.framework in Frameworks */ = {isa = PBXBuildFile; fileRef = 70952D211D53668100F96C9E /* Security.framework */; };
		70952D241D53668900F96C9E /* CoreGraphics.framework in Frameworks */ = {isa = PBXBuildFile; fileRef = 70952D231D53668900F96C9E /* CoreGraphics.framework */; };
		70952D261D53669100F96C9E /* MobileCoreServices.framework in Frameworks */ = {isa = PBXBuildFile; fileRef = 70952D251D53669100F96C9E /* MobileCoreServices.framework */; };
		70952D281D53669800F96C9E /* CFNetwork.framework in Frameworks */ = {isa = PBXBuildFile; fileRef = 70952D271D53669800F96C9E /* CFNetwork.framework */; };
		70952D2A1D53669E00F96C9E /* CoreTelephony.framework in Frameworks */ = {isa = PBXBuildFile; fileRef = 70952D291D53669E00F96C9E /* CoreTelephony.framework */; };
		70952D2C1D5366A700F96C9E /* libz.1.2.5.tbd in Frameworks */ = {isa = PBXBuildFile; fileRef = 70952D2B1D5366A700F96C9E /* libz.1.2.5.tbd */; };
		70952D2E1D5366AE00F96C9E /* libicucore.tbd in Frameworks */ = {isa = PBXBuildFile; fileRef = 70952D2D1D5366AE00F96C9E /* libicucore.tbd */; };
		70952D301D5366B400F96C9E /* libsqlite3.tbd in Frameworks */ = {isa = PBXBuildFile; fileRef = 70952D2F1D5366B400F96C9E /* libsqlite3.tbd */; };
		70952D331D53678900F96C9E /* ACBmobObject.m in Sources */ = {isa = PBXBuildFile; fileRef = 70952D321D53678900F96C9E /* ACBmobObject.m */; };
		981E4E131C4C862F00DE04CA /* main.m in Sources */ = {isa = PBXBuildFile; fileRef = 981E4E121C4C862F00DE04CA /* main.m */; };
		981E4E161C4C862F00DE04CA /* AppDelegate.m in Sources */ = {isa = PBXBuildFile; fileRef = 981E4E151C4C862F00DE04CA /* AppDelegate.m */; };
		981E4E191C4C862F00DE04CA /* ViewController.m in Sources */ = {isa = PBXBuildFile; fileRef = 981E4E181C4C862F00DE04CA /* ViewController.m */; };
		981E4E1C1C4C862F00DE04CA /* Main.storyboard in Resources */ = {isa = PBXBuildFile; fileRef = 981E4E1A1C4C862F00DE04CA /* Main.storyboard */; };
		981E4E1E1C4C862F00DE04CA /* Assets.xcassets in Resources */ = {isa = PBXBuildFile; fileRef = 981E4E1D1C4C862F00DE04CA /* Assets.xcassets */; };
		981E4E211C4C862F00DE04CA /* LaunchScreen.storyboard in Resources */ = {isa = PBXBuildFile; fileRef = 981E4E1F1C4C862F00DE04CA /* LaunchScreen.storyboard */; };
		981E4E2C1C4C862F00DE04CA /* UnlimitedBackStageTests.m in Sources */ = {isa = PBXBuildFile; fileRef = 981E4E2B1C4C862F00DE04CA /* UnlimitedBackStageTests.m */; };
		981E4E371C4C862F00DE04CA /* UnlimitedBackStageUITests.m in Sources */ = {isa = PBXBuildFile; fileRef = 981E4E361C4C862F00DE04CA /* UnlimitedBackStageUITests.m */; };
/* End PBXBuildFile section */

/* Begin PBXContainerItemProxy section */
		981E4E281C4C862F00DE04CA /* PBXContainerItemProxy */ = {
			isa = PBXContainerItemProxy;
			containerPortal = 981E4E061C4C862F00DE04CA /* Project object */;
			proxyType = 1;
			remoteGlobalIDString = 981E4E0D1C4C862F00DE04CA;
			remoteInfo = UnlimitedBackStage;
		};
		981E4E331C4C862F00DE04CA /* PBXContainerItemProxy */ = {
			isa = PBXContainerItemProxy;
			containerPortal = 981E4E061C4C862F00DE04CA /* Project object */;
			proxyType = 1;
			remoteGlobalIDString = 981E4E0D1C4C862F00DE04CA;
			remoteInfo = UnlimitedBackStage;
		};
/* End PBXContainerItemProxy section */

/* Begin PBXFileReference section */
		70952D121D535ED200F96C9E /* SystemConfiguration.framework */ = {isa = PBXFileReference; lastKnownFileType = wrapper.framework; name = SystemConfiguration.framework; path = System/Library/Frameworks/SystemConfiguration.framework; sourceTree = SDKROOT; };
		70952D141D535ED800F96C9E /* UIKit.framework */ = {isa = PBXFileReference; lastKnownFileType = wrapper.framework; name = UIKit.framework; path = System/Library/Frameworks/UIKit.framework; sourceTree = SDKROOT; };
		70952D161D535EE600F96C9E /* libsqlite3.0.tbd */ = {isa = PBXFileReference; lastKnownFileType = "sourcecode.text-based-dylib-definition"; name = libsqlite3.0.tbd; path = usr/lib/libsqlite3.0.tbd; sourceTree = SDKROOT; };
		70952D181D535EEC00F96C9E /* CoreLocation.framework */ = {isa = PBXFileReference; lastKnownFileType = wrapper.framework; name = CoreLocation.framework; path = System/Library/Frameworks/CoreLocation.framework; sourceTree = SDKROOT; };
		70952D1C1D535F2B00F96C9E /* ACLocation.h */ = {isa = PBXFileReference; fileEncoding = 4; lastKnownFileType = sourcecode.c.h; path = ACLocation.h; sourceTree = "<group>"; };
		70952D1D1D535F2B00F96C9E /* ACLocation.m */ = {isa = PBXFileReference; fileEncoding = 4; lastKnownFileType = sourcecode.c.objc; path = ACLocation.m; sourceTree = "<group>"; };
		70952D1F1D53666C00F96C9E /* BmobSDK.framework */ = {isa = PBXFileReference; lastKnownFileType = wrapper.framework; path = BmobSDK.framework; sourceTree = "<group>"; };
		70952D211D53668100F96C9E /* Security.framework */ = {isa = PBXFileReference; lastKnownFileType = wrapper.framework; name = Security.framework; path = System/Library/Frameworks/Security.framework; sourceTree = SDKROOT; };
		70952D231D53668900F96C9E /* CoreGraphics.framework */ = {isa = PBXFileReference; lastKnownFileType = wrapper.framework; name = CoreGraphics.framework; path = System/Library/Frameworks/CoreGraphics.framework; sourceTree = SDKROOT; };
		70952D251D53669100F96C9E /* MobileCoreServices.framework */ = {isa = PBXFileReference; lastKnownFileType = wrapper.framework; name = MobileCoreServices.framework; path = System/Library/Frameworks/MobileCoreServices.framework; sourceTree = SDKROOT; };
		70952D271D53669800F96C9E /* CFNetwork.framework */ = {isa = PBXFileReference; lastKnownFileType = wrapper.framework; name = CFNetwork.framework; path = System/Library/Frameworks/CFNetwork.framework; sourceTree = SDKROOT; };
		70952D291D53669E00F96C9E /* CoreTelephony.framework */ = {isa = PBXFileReference; lastKnownFileType = wrapper.framework; name = CoreTelephony.framework; path = System/Library/Frameworks/CoreTelephony.framework; sourceTree = SDKROOT; };
		70952D2B1D5366A700F96C9E /* libz.1.2.5.tbd */ = {isa = PBXFileReference; lastKnownFileType = "sourcecode.text-based-dylib-definition"; name = libz.1.2.5.tbd; path = usr/lib/libz.1.2.5.tbd; sourceTree = SDKROOT; };
		70952D2D1D5366AE00F96C9E /* libicucore.tbd */ = {isa = PBXFileReference; lastKnownFileType = "sourcecode.text-based-dylib-definition"; name = libicucore.tbd; path = usr/lib/libicucore.tbd; sourceTree = SDKROOT; };
		70952D2F1D5366B400F96C9E /* libsqlite3.tbd */ = {isa = PBXFileReference; lastKnownFileType = "sourcecode.text-based-dylib-definition"; name = libsqlite3.tbd; path = usr/lib/libsqlite3.tbd; sourceTree = SDKROOT; };
		70952D311D53678900F96C9E /* ACBmobObject.h */ = {isa = PBXFileReference; fileEncoding = 4; lastKnownFileType = sourcecode.c.h; path = ACBmobObject.h; sourceTree = "<group>"; };
		70952D321D53678900F96C9E /* ACBmobObject.m */ = {isa = PBXFileReference; fileEncoding = 4; lastKnownFileType = sourcecode.c.objc; path = ACBmobObject.m; sourceTree = "<group>"; };
		981E4E0E1C4C862F00DE04CA /* ACLocationL.app */ = {isa = PBXFileReference; explicitFileType = wrapper.application; includeInIndex = 0; path = ACLocationL.app; sourceTree = BUILT_PRODUCTS_DIR; };
		981E4E121C4C862F00DE04CA /* main.m */ = {isa = PBXFileReference; lastKnownFileType = sourcecode.c.objc; path = main.m; sourceTree = "<group>"; };
		981E4E141C4C862F00DE04CA /* AppDelegate.h */ = {isa = PBXFileReference; lastKnownFileType = sourcecode.c.h; path = AppDelegate.h; sourceTree = "<group>"; };
		981E4E151C4C862F00DE04CA /* AppDelegate.m */ = {isa = PBXFileReference; lastKnownFileType = sourcecode.c.objc; path = AppDelegate.m; sourceTree = "<group>"; };
		981E4E171C4C862F00DE04CA /* ViewController.h */ = {isa = PBXFileReference; lastKnownFileType = sourcecode.c.h; path = ViewController.h; sourceTree = "<group>"; };
		981E4E181C4C862F00DE04CA /* ViewController.m */ = {isa = PBXFileReference; lastKnownFileType = sourcecode.c.objc; path = ViewController.m; sourceTree = "<group>"; };
		981E4E1B1C4C862F00DE04CA /* Base */ = {isa = PBXFileReference; lastKnownFileType = file.storyboard; name = Base; path = Base.lproj/Main.storyboard; sourceTree = "<group>"; };
		981E4E1D1C4C862F00DE04CA /* Assets.xcassets */ = {isa = PBXFileReference; lastKnownFileType = folder.assetcatalog; path = Assets.xcassets; sourceTree = "<group>"; };
		981E4E201C4C862F00DE04CA /* Base */ = {isa = PBXFileReference; lastKnownFileType = file.storyboard; name = Base; path = Base.lproj/LaunchScreen.storyboard; sourceTree = "<group>"; };
		981E4E221C4C862F00DE04CA /* Info.plist */ = {isa = PBXFileReference; lastKnownFileType = text.plist.xml; path = Info.plist; sourceTree = "<group>"; };
		981E4E271C4C862F00DE04CA /* ACLocationL.xctest */ = {isa = PBXFileReference; explicitFileType = wrapper.cfbundle; includeInIndex = 0; path = ACLocationL.xctest; sourceTree = BUILT_PRODUCTS_DIR; };
		981E4E2B1C4C862F00DE04CA /* UnlimitedBackStageTests.m */ = {isa = PBXFileReference; lastKnownFileType = sourcecode.c.objc; path = UnlimitedBackStageTests.m; sourceTree = "<group>"; };
		981E4E2D1C4C862F00DE04CA /* Info.plist */ = {isa = PBXFileReference; lastKnownFileType = text.plist.xml; path = Info.plist; sourceTree = "<group>"; };
		981E4E321C4C862F00DE04CA /* ACLocationL.xctest */ = {isa = PBXFileReference; explicitFileType = wrapper.cfbundle; includeInIndex = 0; path = ACLocationL.xctest; sourceTree = BUILT_PRODUCTS_DIR; };
		981E4E361C4C862F00DE04CA /* UnlimitedBackStageUITests.m */ = {isa = PBXFileReference; lastKnownFileType = sourcecode.c.objc; path = UnlimitedBackStageUITests.m; sourceTree = "<group>"; };
		981E4E381C4C862F00DE04CA /* Info.plist */ = {isa = PBXFileReference; lastKnownFileType = text.plist.xml; path = Info.plist; sourceTree = "<group>"; };
/* End PBXFileReference section */

/* Begin PBXFrameworksBuildPhase section */
		981E4E0B1C4C862F00DE04CA /* Frameworks */ = {
			isa = PBXFrameworksBuildPhase;
			buildActionMask = 2147483647;
			files = (
				70952D301D5366B400F96C9E /* libsqlite3.tbd in Frameworks */,
				70952D2E1D5366AE00F96C9E /* libicucore.tbd in Frameworks */,
				70952D2C1D5366A700F96C9E /* libz.1.2.5.tbd in Frameworks */,
				70952D2A1D53669E00F96C9E /* CoreTelephony.framework in Frameworks */,
				70952D281D53669800F96C9E /* CFNetwork.framework in Frameworks */,
				70952D261D53669100F96C9E /* MobileCoreServices.framework in Frameworks */,
				70952D241D53668900F96C9E /* CoreGraphics.framework in Frameworks */,
				70952D221D53668100F96C9E /* Security.framework in Frameworks */,
				70952D191D535EEC00F96C9E /* CoreLocation.framework in Frameworks */,
				70952D171D535EE600F96C9E /* libsqlite3.0.tbd in Frameworks */,
				70952D151D535ED800F96C9E /* UIKit.framework in Frameworks */,
				70952D131D535ED200F96C9E /* SystemConfiguration.framework in Frameworks */,
				70952D201D53666C00F96C9E /* BmobSDK.framework in Frameworks */,
			);
			runOnlyForDeploymentPostprocessing = 0;
		};
		981E4E241C4C862F00DE04CA /* Frameworks */ = {
			isa = PBXFrameworksBuildPhase;
			buildActionMask = 2147483647;
			files = (
			);
			runOnlyForDeploymentPostprocessing = 0;
		};
		981E4E2F1C4C862F00DE04CA /* Frameworks */ = {
			isa = PBXFrameworksBuildPhase;
			buildActionMask = 2147483647;
			files = (
			);
			runOnlyForDeploymentPostprocessing = 0;
		};
/* End PBXFrameworksBuildPhase section */

/* Begin PBXGroup section */
		981E4E051C4C862F00DE04CA = {
			isa = PBXGroup;
			children = (
				70952D2F1D5366B400F96C9E /* libsqlite3.tbd */,
				70952D2D1D5366AE00F96C9E /* libicucore.tbd */,
				70952D2B1D5366A700F96C9E /* libz.1.2.5.tbd */,
				70952D291D53669E00F96C9E /* CoreTelephony.framework */,
				70952D271D53669800F96C9E /* CFNetwork.framework */,
				70952D251D53669100F96C9E /* MobileCoreServices.framework */,
				70952D231D53668900F96C9E /* CoreGraphics.framework */,
				70952D211D53668100F96C9E /* Security.framework */,
				70952D1F1D53666C00F96C9E /* BmobSDK.framework */,
				70952D181D535EEC00F96C9E /* CoreLocation.framework */,
				70952D161D535EE600F96C9E /* libsqlite3.0.tbd */,
				70952D141D535ED800F96C9E /* UIKit.framework */,
				70952D121D535ED200F96C9E /* SystemConfiguration.framework */,
				981E4E101C4C862F00DE04CA /* UnlimitedBackStage */,
				981E4E2A1C4C862F00DE04CA /* UnlimitedBackStageTests */,
				981E4E351C4C862F00DE04CA /* UnlimitedBackStageUITests */,
				981E4E0F1C4C862F00DE04CA /* Products */,
			);
			sourceTree = "<group>";
		};
		981E4E0F1C4C862F00DE04CA /* Products */ = {
			isa = PBXGroup;
			children = (
				981E4E0E1C4C862F00DE04CA /* ACLocationL.app */,
				981E4E271C4C862F00DE04CA /* ACLocationL.xctest */,
				981E4E321C4C862F00DE04CA /* ACLocationL.xctest */,
			);
			name = Products;
			sourceTree = "<group>";
		};
		981E4E101C4C862F00DE04CA /* UnlimitedBackStage */ = {
			isa = PBXGroup;
			children = (
				981E4E141C4C862F00DE04CA /* AppDelegate.h */,
				981E4E151C4C862F00DE04CA /* AppDelegate.m */,
				981E4E171C4C862F00DE04CA /* ViewController.h */,
				981E4E181C4C862F00DE04CA /* ViewController.m */,
				70952D1C1D535F2B00F96C9E /* ACLocation.h */,
				70952D1D1D535F2B00F96C9E /* ACLocation.m */,
				70952D311D53678900F96C9E /* ACBmobObject.h */,
				70952D321D53678900F96C9E /* ACBmobObject.m */,
				981E4E1A1C4C862F00DE04CA /* Main.storyboard */,
				981E4E1D1C4C862F00DE04CA /* Assets.xcassets */,
				981E4E1F1C4C862F00DE04CA /* LaunchScreen.storyboard */,
				981E4E221C4C862F00DE04CA /* Info.plist */,
				981E4E111C4C862F00DE04CA /* Supporting Files */,
			);
			path = UnlimitedBackStage;
			sourceTree = "<group>";
		};
		981E4E111C4C862F00DE04CA /* Supporting Files */ = {
			isa = PBXGroup;
			children = (
				981E4E121C4C862F00DE04CA /* main.m */,
			);
			name = "Supporting Files";
			sourceTree = "<group>";
		};
		981E4E2A1C4C862F00DE04CA /* UnlimitedBackStageTests */ = {
			isa = PBXGroup;
			children = (
				981E4E2B1C4C862F00DE04CA /* UnlimitedBackStageTests.m */,
				981E4E2D1C4C862F00DE04CA /* Info.plist */,
			);
			path = UnlimitedBackStageTests;
			sourceTree = "<group>";
		};
		981E4E351C4C862F00DE04CA /* UnlimitedBackStageUITests */ = {
			isa = PBXGroup;
			children = (
				981E4E361C4C862F00DE04CA /* UnlimitedBackStageUITests.m */,
				981E4E381C4C862F00DE04CA /* Info.plist */,
			);
			path = UnlimitedBackStageUITests;
			sourceTree = "<group>";
		};
/* End PBXGroup section */

/* Begin PBXNativeTarget section */
		981E4E0D1C4C862F00DE04CA /* ACLocationL */ = {
			isa = PBXNativeTarget;
			buildConfigurationList = 981E4E3B1C4C862F00DE04CA /* Build configuration list for PBXNativeTarget "ACLocationL" */;
			buildPhases = (
				981E4E0A1C4C862F00DE04CA /* Sources */,
				981E4E0B1C4C862F00DE04CA /* Frameworks */,
				981E4E0C1C4C862F00DE04CA /* Resources */,
			);
			buildRules = (
			);
			dependencies = (
			);
			name = ACLocationL;
			productName = UnlimitedBackStage;
			productReference = 981E4E0E1C4C862F00DE04CA /* ACLocationL.app */;
			productType = "com.apple.product-type.application";
		};
		981E4E261C4C862F00DE04CA /* ACLocationLTests */ = {
			isa = PBXNativeTarget;
			buildConfigurationList = 981E4E3E1C4C862F00DE04CA /* Build configuration list for PBXNativeTarget "ACLocationLTests" */;
			buildPhases = (
				981E4E231C4C862F00DE04CA /* Sources */,
				981E4E241C4C862F00DE04CA /* Frameworks */,
				981E4E251C4C862F00DE04CA /* Resources */,
			);
			buildRules = (
			);
			dependencies = (
				981E4E291C4C862F00DE04CA /* PBXTargetDependency */,
			);
			name = ACLocationLTests;
			productName = UnlimitedBackStageTests;
			productReference = 981E4E271C4C862F00DE04CA /* ACLocationL.xctest */;
			productType = "com.apple.product-type.bundle.unit-test";
		};
		981E4E311C4C862F00DE04CA /* ACLocationLUITests */ = {
			isa = PBXNativeTarget;
			buildConfigurationList = 981E4E411C4C862F00DE04CA /* Build configuration list for PBXNativeTarget "ACLocationLUITests" */;
			buildPhases = (
				981E4E2E1C4C862F00DE04CA /* Sources */,
				981E4E2F1C4C862F00DE04CA /* Frameworks */,
				981E4E301C4C862F00DE04CA /* Resources */,
			);
			buildRules = (
			);
			dependencies = (
				981E4E341C4C862F00DE04CA /* PBXTargetDependency */,
			);
			name = ACLocationLUITests;
			productName = UnlimitedBackStageUITests;
			productReference = 981E4E321C4C862F00DE04CA /* ACLocationL.xctest */;
			productType = "com.apple.product-type.bundle.ui-testing";
		};
/* End PBXNativeTarget section */

/* Begin PBXProject section */
		981E4E061C4C862F00DE04CA /* Project object */ = {
			isa = PBXProject;
			attributes = {
				LastUpgradeCheck = 0720;
				ORGANIZATIONNAME = "邓金龙";
				TargetAttributes = {
					981E4E0D1C4C862F00DE04CA = {
						CreatedOnToolsVersion = 7.2;
						DevelopmentTeam = FS69S45C22;
						SystemCapabilities = {
							com.apple.BackgroundModes = {
								enabled = 1;
							};
						};
					};
					981E4E261C4C862F00DE04CA = {
						CreatedOnToolsVersion = 7.2;
						DevelopmentTeam = 5ZVFEN85C8;
						TestTargetID = 981E4E0D1C4C862F00DE04CA;
					};
					981E4E311C4C862F00DE04CA = {
						CreatedOnToolsVersion = 7.2;
						DevelopmentTeam = 5ZVFEN85C8;
						TestTargetID = 981E4E0D1C4C862F00DE04CA;
					};
				};
			};
			buildConfigurationList = 981E4E091C4C862F00DE04CA /* Build configuration list for PBXProject "ACLocationL" */;
			compatibilityVersion = "Xcode 3.2";
			developmentRegion = English;
			hasScannedForEncodings = 0;
			knownRegions = (
				en,
				Base,
			);
			mainGroup = 981E4E051C4C862F00DE04CA;
			productRefGroup = 981E4E0F1C4C862F00DE04CA /* Products */;
			projectDirPath = "";
			projectRoot = "";
			targets = (
				981E4E0D1C4C862F00DE04CA /* ACLocationL */,
				981E4E261C4C862F00DE04CA /* ACLocationLTests */,
				981E4E311C4C862F00DE04CA /* ACLocationLUITests */,
			);
		};
/* End PBXProject section */

/* Begin PBXResourcesBuildPhase section */
		981E4E0C1C4C862F00DE04CA /* Resources */ = {
			isa = PBXResourcesBuildPhase;
			buildActionMask = 2147483647;
			files = (
				981E4E211C4C862F00DE04CA /* LaunchScreen.storyboard in Resources */,
				981E4E1E1C4C862F00DE04CA /* Assets.xcassets in Resources */,
				981E4E1C1C4C862F00DE04CA /* Main.storyboard in Resources */,
			);
			runOnlyForDeploymentPostprocessing = 0;
		};
		981E4E251C4C862F00DE04CA /* Resources */ = {
			isa = PBXResourcesBuildPhase;
			buildActionMask = 2147483647;
			files = (
			);
			runOnlyForDeploymentPostprocessing = 0;
		};
		981E4E301C4C862F00DE04CA /* Resources */ = {
			isa = PBXResourcesBuildPhase;
			buildActionMask = 2147483647;
			files = (
			);
			runOnlyForDeploymentPostprocessing = 0;
		};
/* End PBXResourcesBuildPhase section */

/* Begin PBXSourcesBuildPhase section */
		981E4E0A1C4C862F00DE04CA /* Sources */ = {
			isa = PBXSourcesBuildPhase;
			buildActionMask = 2147483647;
			files = (
				70952D1E1D535F2B00F96C9E /* ACLocation.m in Sources */,
				981E4E191C4C862F00DE04CA /* ViewController.m in Sources */,
				981E4E161C4C862F00DE04CA /* AppDelegate.m in Sources */,
				70952D331D53678900F96C9E /* ACBmobObject.m in Sources */,
				981E4E131C4C862F00DE04CA /* main.m in Sources */,
			);
			runOnlyForDeploymentPostprocessing = 0;
		};
		981E4E231C4C862F00DE04CA /* Sources */ = {
			isa = PBXSourcesBuildPhase;
			buildActionMask = 2147483647;
			files = (
				981E4E2C1C4C862F00DE04CA /* UnlimitedBackStageTests.m in Sources */,
			);
			runOnlyForDeploymentPostprocessing = 0;
		};
		981E4E2E1C4C862F00DE04CA /* Sources */ = {
			isa = PBXSourcesBuildPhase;
			buildActionMask = 2147483647;
			files = (
				981E4E371C4C862F00DE04CA /* UnlimitedBackStageUITests.m in Sources */,
			);
			runOnlyForDeploymentPostprocessing = 0;
		};
/* End PBXSourcesBuildPhase section */

/* Begin PBXTargetDependency section */
		981E4E291C4C862F00DE04CA /* PBXTargetDependency */ = {
			isa = PBXTargetDependency;
			target = 981E4E0D1C4C862F00DE04CA /* ACLocationL */;
			targetProxy = 981E4E281C4C862F00DE04CA /* PBXContainerItemProxy */;
		};
		981E4E341C4C862F00DE04CA /* PBXTargetDependency */ = {
			isa = PBXTargetDependency;
			target = 981E4E0D1C4C862F00DE04CA /* ACLocationL */;
			targetProxy = 981E4E331C4C862F00DE04CA /* PBXContainerItemProxy */;
		};
/* End PBXTargetDependency section */

/* Begin PBXVariantGroup section */
		981E4E1A1C4C862F00DE04CA /* Main.storyboard */ = {
			isa = PBXVariantGroup;
			children = (
				981E4E1B1C4C862F00DE04CA /* Base */,
			);
			name = Main.storyboard;
			sourceTree = "<group>";
		};
		981E4E1F1C4C862F00DE04CA /* LaunchScreen.storyboard */ = {
			isa = PBXVariantGroup;
			children = (
				981E4E201C4C862F00DE04CA /* Base */,
			);
			name = LaunchScreen.storyboard;
			sourceTree = "<group>";
		};
/* End PBXVariantGroup section */

/* Begin XCBuildConfiguration section */
		981E4E391C4C862F00DE04CA /* Debug */ = {
			isa = XCBuildConfiguration;
			buildSettings = {
				ALWAYS_SEARCH_USER_PATHS = NO;
				CLANG_CXX_LANGUAGE_STANDARD = "gnu++0x";
				CLANG_CXX_LIBRARY = "libc++";
				CLANG_ENABLE_MODULES = YES;
				CLANG_ENABLE_OBJC_ARC = YES;
				CLANG_WARN_BOOL_CONVERSION = YES;
				CLANG_WARN_CONSTANT_CONVERSION = YES;
				CLANG_WARN_DIRECT_OBJC_ISA_USAGE = YES_ERROR;
				CLANG_WARN_EMPTY_BODY = YES;
				CLANG_WARN_ENUM_CONVERSION = YES;
				CLANG_WARN_INT_CONVERSION = YES;
				CLANG_WARN_OBJC_ROOT_CLASS = YES_ERROR;
				CLANG_WARN_UNREACHABLE_CODE = YES;
				CLANG_WARN__DUPLICATE_METHOD_MATCH = YES;
				"CODE_SIGN_IDENTITY[sdk=iphoneos*]" = "iPhone Developer";
				COPY_PHASE_STRIP = NO;
				DEBUG_INFORMATION_FORMAT = dwarf;
				ENABLE_STRICT_OBJC_MSGSEND = YES;
				ENABLE_TESTABILITY = YES;
				GCC_C_LANGUAGE_STANDARD = gnu99;
				GCC_DYNAMIC_NO_PIC = NO;
				GCC_NO_COMMON_BLOCKS = YES;
				GCC_OPTIMIZATION_LEVEL = 0;
				GCC_PREPROCESSOR_DEFINITIONS = (
					"DEBUG=1",
					"$(inherited)",
				);
				GCC_WARN_64_TO_32_BIT_CONVERSION = YES;
				GCC_WARN_ABOUT_RETURN_TYPE = YES_ERROR;
				GCC_WARN_UNDECLARED_SELECTOR = YES;
				GCC_WARN_UNINITIALIZED_AUTOS = YES_AGGRESSIVE;
				GCC_WARN_UNUSED_FUNCTION = YES;
				GCC_WARN_UNUSED_VARIABLE = YES;
				IPHONEOS_DEPLOYMENT_TARGET = 7.0;
				MTL_ENABLE_DEBUG_INFO = YES;
				ONLY_ACTIVE_ARCH = YES;
				SDKROOT = iphoneos;
				TARGETED_DEVICE_FAMILY = "1,2";
			};
			name = Debug;
		};
		981E4E3A1C4C862F00DE04CA /* Release */ = {
			isa = XCBuildConfiguration;
			buildSettings = {
				ALWAYS_SEARCH_USER_PATHS = NO;
				CLANG_CXX_LANGUAGE_STANDARD = "gnu++0x";
				CLANG_CXX_LIBRARY = "libc++";
				CLANG_ENABLE_MODULES = YES;
				CLANG_ENABLE_OBJC_ARC = YES;
				CLANG_WARN_BOOL_CONVERSION = YES;
				CLANG_WARN_CONSTANT_CONVERSION = YES;
				CLANG_WARN_DIRECT_OBJC_ISA_USAGE = YES_ERROR;
				CLANG_WARN_EMPTY_BODY = YES;
				CLANG_WARN_ENUM_CONVERSION = YES;
				CLANG_WARN_INT_CONVERSION = YES;
				CLANG_WARN_OBJC_ROOT_CLASS = YES_ERROR;
				CLANG_WARN_UNREACHABLE_CODE = YES;
				CLANG_WARN__DUPLICATE_METHOD_MATCH = YES;
				"CODE_SIGN_IDENTITY[sdk=iphoneos*]" = "iPhone Developer";
				COPY_PHASE_STRIP = NO;
				DEBUG_INFORMATION_FORMAT = "dwarf-with-dsym";
				ENABLE_NS_ASSERTIONS = NO;
				ENABLE_STRICT_OBJC_MSGSEND = YES;
				GCC_C_LANGUAGE_STANDARD = gnu99;
				GCC_NO_COMMON_BLOCKS = YES;
				GCC_WARN_64_TO_32_BIT_CONVERSION = YES;
				GCC_WARN_ABOUT_RETURN_TYPE = YES_ERROR;
				GCC_WARN_UNDECLARED_SELECTOR = YES;
				GCC_WARN_UNINITIALIZED_AUTOS = YES_AGGRESSIVE;
				GCC_WARN_UNUSED_FUNCTION = YES;
				GCC_WARN_UNUSED_VARIABLE = YES;
				IPHONEOS_DEPLOYMENT_TARGET = 7.0;
				MTL_ENABLE_DEBUG_INFO = NO;
				SDKROOT = iphoneos;
				TARGETED_DEVICE_FAMILY = "1,2";
				VALIDATE_PRODUCT = YES;
			};
			name = Release;
		};
		981E4E3C1C4C862F00DE04CA /* Debug */ = {
			isa = XCBuildConfiguration;
			buildSettings = {
				ASSETCATALOG_COMPILER_APPICON_NAME = AppIcon;
				CLANG_ENABLE_MODULES = YES;
				CODE_SIGN_IDENTITY = "iPhone Developer";
				"CODE_SIGN_IDENTITY[sdk=iphoneos*]" = "iPhone Developer";
				FRAMEWORK_SEARCH_PATHS = (
					"$(inherited)",
					"$(PROJECT_DIR)",
				);
				INFOPLIST_FILE = UnlimitedBackStage/Info.plist;
				IPHONEOS_DEPLOYMENT_TARGET = 7.0;
				LD_RUNPATH_SEARCH_PATHS = "$(inherited) @executable_path/Frameworks";
				PRODUCT_BUNDLE_IDENTIFIER = anchen.aclocation;
				PRODUCT_NAME = ACLocationL;
				PROVISIONING_PROFILE = "";
				SWIFT_OPTIMIZATION_LEVEL = "-Onone";
			};
			name = Debug;
		};
		981E4E3D1C4C862F00DE04CA /* Release */ = {
			isa = XCBuildConfiguration;
			buildSettings = {
				ASSETCATALOG_COMPILER_APPICON_NAME = AppIcon;
				CLANG_ENABLE_MODULES = YES;
				CODE_SIGN_IDENTITY = "iPhone Developer";
				"CODE_SIGN_IDENTITY[sdk=iphoneos*]" = "iPhone Developer";
				FRAMEWORK_SEARCH_PATHS = (
					"$(inherited)",
					"$(PROJECT_DIR)",
				);
				INFOPLIST_FILE = UnlimitedBackStage/Info.plist;
				IPHONEOS_DEPLOYMENT_TARGET = 7.0;
				LD_RUNPATH_SEARCH_PATHS = "$(inherited) @executable_path/Frameworks";
				PRODUCT_BUNDLE_IDENTIFIER = anchen.aclocation;
				PRODUCT_NAME = ACLocationL;
				PROVISIONING_PROFILE = "";
			};
			name = Release;
		};
		981E4E3F1C4C862F00DE04CA /* Debug */ = {
			isa = XCBuildConfiguration;
			buildSettings = {
				BUNDLE_LOADER = "$(TEST_HOST)";
				INFOPLIST_FILE = UnlimitedBackStageTests/Info.plist;
				LD_RUNPATH_SEARCH_PATHS = "$(inherited) @executable_path/Frameworks @loader_path/Frameworks";
				PRODUCT_BUNDLE_IDENTIFIER = DJL.UnlimitedBackStageTests;
				PRODUCT_NAME = ACLocationL;
				TEST_HOST = "$(BUILT_PRODUCTS_DIR)/ACLocationL.app/ACLocationL";
			};
			name = Debug;
		};
		981E4E401C4C862F00DE04CA /* Release */ = {
			isa = XCBuildConfiguration;
			buildSettings = {
				BUNDLE_LOADER = "$(TEST_HOST)";
				INFOPLIST_FILE = UnlimitedBackStageTests/Info.plist;
				LD_RUNPATH_SEARCH_PATHS = "$(inherited) @executable_path/Frameworks @loader_path/Frameworks";
				PRODUCT_BUNDLE_IDENTIFIER = DJL.UnlimitedBackStageTests;
				PRODUCT_NAME = ACLocationL;
				TEST_HOST = "$(BUILT_PRODUCTS_DIR)/ACLocationL.app/ACLocationL";
			};
			name = Release;
		};
		981E4E421C4C862F00DE04CA /* Debug */ = {
			isa = XCBuildConfiguration;
			buildSettings = {
				INFOPLIST_FILE = UnlimitedBackStageUITests/Info.plist;
				LD_RUNPATH_SEARCH_PATHS = "$(inherited) @executable_path/Frameworks @loader_path/Frameworks";
				PRODUCT_BUNDLE_IDENTIFIER = DJL.UnlimitedBackStageUITests;
				PRODUCT_NAME = ACLocationL;
				TEST_TARGET_NAME = UnlimitedBackStage;
				USES_XCTRUNNER = YES;
			};
			name = Debug;
		};
		981E4E431C4C862F00DE04CA /* Release */ = {
			isa = XCBuildConfiguration;
			buildSettings = {
				INFOPLIST_FILE = UnlimitedBackStageUITests/Info.plist;
				LD_RUNPATH_SEARCH_PATHS = "$(inherited) @executable_path/Frameworks @loader_path/Frameworks";
				PRODUCT_BUNDLE_IDENTIFIER = DJL.UnlimitedBackStageUITests;
				PRODUCT_NAME = ACLocationL;
				TEST_TARGET_NAME = UnlimitedBackStage;
				USES_XCTRUNNER = YES;
			};
			name = Release;
		};
/* End XCBuildConfiguration section */

/* Begin XCConfigurationList section */
		981E4E091C4C862F00DE04CA /* Build configuration list for PBXProject "ACLocationL" */ = {
			isa = XCConfigurationList;
			buildConfigurations = (
				981E4E391C4C862F00DE04CA /* Debug */,
				981E4E3A1C4C862F00DE04CA /* Release */,
			);
			defaultConfigurationIsVisible = 0;
			defaultConfigurationName = Release;
		};
		981E4E3B1C4C862F00DE04CA /* Build configuration list for PBXNativeTarget "ACLocationL" */ = {
			isa = XCConfigurationList;
			buildConfigurations = (
				981E4E3C1C4C862F00DE04CA /* Debug */,
				981E4E3D1C4C862F00DE04CA /* Release */,
			);
			defaultConfigurationIsVisible = 0;
			defaultConfigurationName = Release;
		};
		981E4E3E1C4C862F00DE04CA /* Build configuration list for PBXNativeTarget "ACLocationLTests" */ = {
			isa = XCConfigurationList;
			buildConfigurations = (
				981E4E3F1C4C862F00DE04CA /* Debug */,
				981E4E401C4C862F00DE04CA /* Release */,
			);
			defaultConfigurationIsVisible = 0;
			defaultConfigurationName = Release;
		};
		981E4E411C4C862F00DE04CA /* Build configuration list for PBXNativeTarget "ACLocationLUITests" */ = {
			isa = XCConfigurationList;
			buildConfigurations = (
				981E4E421C4C862F00DE04CA /* Debug */,
				981E4E431C4C862F00DE04CA /* Release */,
			);
			defaultConfigurationIsVisible = 0;
			defaultConfigurationName = Release;
		};
/* End XCConfigurationList section */
	};
	rootObject = 981E4E061C4C862F00DE04CA /* Project object */;
}
